
Microsoft Visual Studio Solution File, Format Version 12.00
# Visual Studio Version 16
VisualStudioVersion = 25.0.1705.1
MinimumVisualStudioVersion = 10.0.40219.1
Project("{FAE04EC0-301F-11D3-BF4B-00C04F79EFBC}") = "TestBridge.Android", "TestBridge\TestBridge.Android\TestBridge.Android.csproj", "{3D30BB0D-447C-4853-A182-F41A65653449}"
EndProject
Project("{FAE04EC0-301F-11D3-BF4B-00C04F79EFBC}") = "TestBridge.iOS", "TestBridge\TestBridge.iOS\TestBridge.iOS.csproj", "{D61671FD-A7F5-437C-A46B-427DE915A54B}"
EndProject
Project("{FAE04EC0-301F-11D3-BF4B-00C04F79EFBC}") = "TestBridge", "TestBridge\TestBridge\TestBridge.csproj", "{9D492941-9DE0-4EE6-B930-8AC561570F89}"
EndProject
Global
	GlobalSection(SolutionConfigurationPlatforms) = preSolution
		Debug|Any CPU = Debug|Any CPU
		Release|Any CPU = Release|Any CPU
		Debug|iPhoneSimulator = Debug|iPhoneSimulator
		Release|iPhoneSimulator = Release|iPhoneSimulator
		Debug|iPhone = Debug|iPhone
		Release|iPhone = Release|iPhone
	EndGlobalSection
	GlobalSection(ProjectConfigurationPlatforms) = postSolution
		{3D30BB0D-447C-4853-A182-F41A65653449}.Debug|Any CPU.ActiveCfg = Debug|Any CPU
		{3D30BB0D-447C-4853-A182-F41A65653449}.Debug|Any CPU.Build.0 = Debug|Any CPU
		{3D30BB0D-447C-4853-A182-F41A65653449}.Release|Any CPU.ActiveCfg = Release|Any CPU
		{3D30BB0D-447C-4853-A182-F41A65653449}.Release|Any CPU.Build.0 = Release|Any CPU
		{3D30BB0D-447C-4853-A182-F41A65653449}.Debug|iPhoneSimulator.ActiveCfg = Debug|Any CPU
		{3D30BB0D-447C-4853-A182-F41A65653449}.Debug|iPhoneSimulator.Build.0 = Debug|Any CPU
		{3D30BB0D-447C-4853-A182-F41A65653449}.Release|iPhoneSimulator.ActiveCfg = Release|Any CPU
		{3D30BB0D-447C-4853-A182-F41A65653449}.Release|iPhoneSimulator.Build.0 = Release|Any CPU
		{3D30BB0D-447C-4853-A182-F41A65653449}.Debug|iPhone.ActiveCfg = Debug|Any CPU
		{3D30BB0D-447C-4853-A182-F41A65653449}.Debug|iPhone.Build.0 = Debug|Any CPU
		{3D30BB0D-447C-4853-A182-F41A65653449}.Release|iPhone.ActiveCfg = Release|Any CPU
		{3D30BB0D-447C-4853-A182-F41A65653449}.Release|iPhone.Build.0 = Release|Any CPU
		{D61671FD-A7F5-437C-A46B-427DE915A54B}.Debug|Any CPU.ActiveCfg = Debug|iPhoneSimulator
		{D61671FD-A7F5-437C-A46B-427DE915A54B}.Debug|Any CPU.Build.0 = Debug|iPhoneSimulator
		{D61671FD-A7F5-437C-A46B-427DE915A54B}.Release|Any CPU.ActiveCfg = Release|iPhoneSimulator
		{D61671FD-A7F5-437C-A46B-427DE915A54B}.Release|Any CPU.Build.0 = Release|iPhoneSimulator
		{D61671FD-A7F5-437C-A46B-427DE915A54B}.Debug|iPhoneSimulator.ActiveCfg = Debug|iPhoneSimulator
		{D61671FD-A7F5-437C-A46B-427DE915A54B}.Debug|iPhoneSimulator.Build.0 = Debug|iPhoneSimulator
		{D61671FD-A7F5-437C-A46B-427DE915A54B}.Release|iPhoneSimulator.ActiveCfg = Release|iPhoneSimulator
		{D61671FD-A7F5-437C-A46B-427DE915A54B}.Release|iPhoneSimulator.Build.0 = Release|iPhoneSimulator
		{D61671FD-A7F5-437C-A46B-427DE915A54B}.Debug|iPhone.ActiveCfg = Debug|iPhone
		{D61671FD-A7F5-437C-A46B-427DE915A54B}.Debug|iPhone.Build.0 = Debug|iPhone
		{D61671FD-A7F5-437C-A46B-427DE915A54B}.Release|iPhone.ActiveCfg = Release|iPhone
		{D61671FD-A7F5-437C-A46B-427DE915A54B}.Release|iPhone.Build.0 = Release|iPhone
		{9D492941-9DE0-4EE6-B930-8AC561570F89}.Debug|Any CPU.ActiveCfg = Debug|Any CPU
		{9D492941-9DE0-4EE6-B930-8AC561570F89}.Debug|Any CPU.Build.0 = Debug|Any CPU
		{9D492941-9DE0-4EE6-B930-8AC561570F89}.Release|Any CPU.ActiveCfg = Release|Any CPU
		{9D492941-9DE0-4EE6-B930-8AC561570F89}.Release|Any CPU.Build.0 = Release|Any CPU
		{9D492941-9DE0-4EE6-B930-8AC561570F89}.Debug|iPhoneSimulator.ActiveCfg = Debug|Any CPU
		{9D492941-9DE0-4EE6-B930-8AC561570F89}.Debug|iPhoneSimulator.Build.0 = Debug|Any CPU
		{9D492941-9DE0-4EE6-B930-8AC561570F89}.Release|iPhoneSimulator.ActiveCfg = Release|Any CPU
		{9D492941-9DE0-4EE6-B930-8AC561570F89}.Release|iPhoneSimulator.Build.0 = Release|Any CPU
		{9D492941-9DE0-4EE6-B930-8AC561570F89}.Debug|iPhone.ActiveCfg = Debug|Any CPU
		{9D492941-9DE0-4EE6-B930-8AC561570F89}.Debug|iPhone.Build.0 = Debug|Any CPU
		{9D492941-9DE0-4EE6-B930-8AC561570F89}.Release|iPhone.ActiveCfg = Release|Any CPU
		{9D492941-9DE0-4EE6-B930-8AC561570F89}.Release|iPhone.Build.0 = Release|Any CPU
	EndGlobalSection
	GlobalSection(SolutionProperties) = preSolution
		HideSolutionNode = FALSE
	EndGlobalSection
	GlobalSection(ExtensibilityGlobals) = postSolution
		SolutionGuid = {6C0DBFA7-6CCE-4172-B063-BCA0EE5BA53C}
	EndGlobalSection
EndGlobal
